
Microsoft Visual Studio Solution File, Format Version 12.00
# Visual Studio Version 17
VisualStudioVersion = 17.0.31903.59
MinimumVisualStudioVersion = 10.0.40219.1
Project("{2150E333-8FDC-42A3-9474-1A3956D46DE8}") = "src", "src", "{827E0CD3-B72D-47B6-A68D-7590B98EB39B}"
EndProject
Project("{FAE04EC0-301F-11D3-BF4B-00C04F79EFBC}") = "AutoDealerPro.Api", "src\AutoDealerPro.Api\AutoDealerPro.Api.csproj", "{95CD9DEB-FF21-48CD-B592-70821649A324}"
EndProject
Project("{2150E333-8FDC-42A3-9474-1A3956D46DE8}") = "Shared", "Shared", "{C8E42992-5E42-0C2B-DBFE-AA848D06431C}"
EndProject
Project("{FAE04EC0-301F-11D3-BF4B-00C04F79EFBC}") = "AutoDealerPro.Shared.Abstractions", "src\Shared\AutoDealerPro.Shared.Abstractions\AutoDealerPro.Shared.Abstractions.csproj", "{2AB9391C-4B35-498C-A985-BCCE6293AD1E}"
EndProject
Project("{FAE04EC0-301F-11D3-BF4B-00C04F79EFBC}") = "AutoDealerPro.Shared.Infrastructure", "src\Shared\AutoDealerPro.Shared.Infrastructure\AutoDealerPro.Shared.Infrastructure.csproj", "{A2FACBAE-AF96-4A9F-A843-C2B82ECCF61C}"
EndProject
Project("{FAE04EC0-301F-11D3-BF4B-00C04F79EFBC}") = "AutoDealerPro.Shared.Kernel", "src\Shared\AutoDealerPro.Shared.Kernel\AutoDealerPro.Shared.Kernel.csproj", "{A0449C93-A848-4031-BFA6-F1B3214E8426}"
EndProject
Project("{2150E333-8FDC-42A3-9474-1A3956D46DE8}") = "Modules", "Modules", "{EC447DCF-ABFA-6E24-52A5-D7FD48A5C558}"
EndProject
Project("{2150E333-8FDC-42A3-9474-1A3956D46DE8}") = "Inventory", "Inventory", "{18C073E0-6CB1-4693-3636-BFEE619A6192}"
EndProject
Project("{FAE04EC0-301F-11D3-BF4B-00C04F79EFBC}") = "AutoDealerPro.Modules.Inventory.Infrastructure", "src\Modules\Inventory\AutoDealerPro.Modules.Inventory.Infrastructure\AutoDealerPro.Modules.Inventory.Infrastructure.csproj", "{F6564F6F-416B-4973-A92B-B2CAA5392180}"
EndProject
Project("{FAE04EC0-301F-11D3-BF4B-00C04F79EFBC}") = "AutoDealerPro.Modules.Inventory.Core", "src\Modules\Inventory\AutoDealerPro.Modules.Inventory.Core\AutoDealerPro.Modules.Inventory.Core.csproj", "{0D55F9FF-8A70-42F2-AB9C-600FAF7C95B9}"
EndProject
Project("{FAE04EC0-301F-11D3-BF4B-00C04F79EFBC}") = "AutoDealerPro.Modules.Inventory.Application", "src\Modules\Inventory\AutoDealerPro.Modules.Inventory.Application\AutoDealerPro.Modules.Inventory.Application.csproj", "{CB62B93A-8B69-4AC4-A937-EA4323C0064C}"
EndProject
Project("{2150E333-8FDC-42A3-9474-1A3956D46DE8}") = "Solution Items", "Solution Items", "{8EC462FD-D22E-90A8-E5CE-7E832BA40C5D}"
	ProjectSection(SolutionItems) = preProject
		docker-compose.dev.yml = docker-compose.dev.yml
		docker-compose.yml = docker-compose.yml
	EndProjectSection
EndProject
Project("{FAE04EC0-301F-11D3-BF4B-00C04F79EFBC}") = "AutoDealerPro.Modules.Leads.Application", "src\Modules\Leads\AutoDealerPro.Modules.Leads.Application\AutoDealerPro.Modules.Leads.Application.csproj", "{D72C67A4-E4AB-F320-AFA5-68C4CB18BFD8}"
EndProject
Project("{FAE04EC0-301F-11D3-BF4B-00C04F79EFBC}") = "AutoDealerPro.Modules.Leads.Core", "src\Modules\Leads\AutoDealerPro.Modules.Leads.Core\AutoDealerPro.Modules.Leads.Core.csproj", "{7A9C84D6-9407-3652-8AB0-8F5E99CA14FF}"
EndProject
Project("{FAE04EC0-301F-11D3-BF4B-00C04F79EFBC}") = "AutoDealerPro.Modules.Leads.Infrastructure", "src\Modules\Leads\AutoDealerPro.Modules.Leads.Infrastructure\AutoDealerPro.Modules.Leads.Infrastructure.csproj", "{5A1E26A1-A121-9E9B-FE0E-4B406F706FBE}"
EndProject
Project("{2150E333-8FDC-42A3-9474-1A3956D46DE8}") = "Leads", "Leads", "{02EA681E-C7D8-13C7-8484-4AC65E1B71E8}"
EndProject
Global
	GlobalSection(SolutionConfigurationPlatforms) = preSolution
		Debug|Any CPU = Debug|Any CPU
		Debug|x64 = Debug|x64
		Debug|x86 = Debug|x86
		Release|Any CPU = Release|Any CPU
		Release|x64 = Release|x64
		Release|x86 = Release|x86
	EndGlobalSection
	GlobalSection(ProjectConfigurationPlatforms) = postSolution
		{95CD9DEB-FF21-48CD-B592-70821649A324}.Debug|Any CPU.ActiveCfg = Debug|Any CPU
		{95CD9DEB-FF21-48CD-B592-70821649A324}.Debug|Any CPU.Build.0 = Debug|Any CPU
		{95CD9DEB-FF21-48CD-B592-70821649A324}.Debug|x64.ActiveCfg = Debug|Any CPU
		{95CD9DEB-FF21-48CD-B592-70821649A324}.Debug|x64.Build.0 = Debug|Any CPU
		{95CD9DEB-FF21-48CD-B592-70821649A324}.Debug|x86.ActiveCfg = Debug|Any CPU
		{95CD9DEB-FF21-48CD-B592-70821649A324}.Debug|x86.Build.0 = Debug|Any CPU
		{95CD9DEB-FF21-48CD-B592-70821649A324}.Release|Any CPU.ActiveCfg = Release|Any CPU
		{95CD9DEB-FF21-48CD-B592-70821649A324}.Release|Any CPU.Build.0 = Release|Any CPU
		{95CD9DEB-FF21-48CD-B592-70821649A324}.Release|x64.ActiveCfg = Release|Any CPU
		{95CD9DEB-FF21-48CD-B592-70821649A324}.Release|x64.Build.0 = Release|Any CPU
		{95CD9DEB-FF21-48CD-B592-70821649A324}.Release|x86.ActiveCfg = Release|Any CPU
		{95CD9DEB-FF21-48CD-B592-70821649A324}.Release|x86.Build.0 = Release|Any CPU
		{2AB9391C-4B35-498C-A985-BCCE6293AD1E}.Debug|Any CPU.ActiveCfg = Debug|Any CPU
		{2AB9391C-4B35-498C-A985-BCCE6293AD1E}.Debug|Any CPU.Build.0 = Debug|Any CPU
		{2AB9391C-4B35-498C-A985-BCCE6293AD1E}.Debug|x64.ActiveCfg = Debug|Any CPU
		{2AB9391C-4B35-498C-A985-BCCE6293AD1E}.Debug|x64.Build.0 = Debug|Any CPU
		{2AB9391C-4B35-498C-A985-BCCE6293AD1E}.Debug|x86.ActiveCfg = Debug|Any CPU
		{2AB9391C-4B35-498C-A985-BCCE6293AD1E}.Debug|x86.Build.0 = Debug|Any CPU
		{2AB9391C-4B35-498C-A985-BCCE6293AD1E}.Release|Any CPU.ActiveCfg = Release|Any CPU
		{2AB9391C-4B35-498C-A985-BCCE6293AD1E}.Release|Any CPU.Build.0 = Release|Any CPU
		{2AB9391C-4B35-498C-A985-BCCE6293AD1E}.Release|x64.ActiveCfg = Release|Any CPU
		{2AB9391C-4B35-498C-A985-BCCE6293AD1E}.Release|x64.Build.0 = Release|Any CPU
		{2AB9391C-4B35-498C-A985-BCCE6293AD1E}.Release|x86.ActiveCfg = Release|Any CPU
		{2AB9391C-4B35-498C-A985-BCCE6293AD1E}.Release|x86.Build.0 = Release|Any CPU
		{A2FACBAE-AF96-4A9F-A843-C2B82ECCF61C}.Debug|Any CPU.ActiveCfg = Debug|Any CPU
		{A2FACBAE-AF96-4A9F-A843-C2B82ECCF61C}.Debug|Any CPU.Build.0 = Debug|Any CPU
		{A2FACBAE-AF96-4A9F-A843-C2B82ECCF61C}.Debug|x64.ActiveCfg = Debug|Any CPU
		{A2FACBAE-AF96-4A9F-A843-C2B82ECCF61C}.Debug|x64.Build.0 = Debug|Any CPU
		{A2FACBAE-AF96-4A9F-A843-C2B82ECCF61C}.Debug|x86.ActiveCfg = Debug|Any CPU
		{A2FACBAE-AF96-4A9F-A843-C2B82ECCF61C}.Debug|x86.Build.0 = Debug|Any CPU
		{A2FACBAE-AF96-4A9F-A843-C2B82ECCF61C}.Release|Any CPU.ActiveCfg = Release|Any CPU
		{A2FACBAE-AF96-4A9F-A843-C2B82ECCF61C}.Release|Any CPU.Build.0 = Release|Any CPU
		{A2FACBAE-AF96-4A9F-A843-C2B82ECCF61C}.Release|x64.ActiveCfg = Release|Any CPU
		{A2FACBAE-AF96-4A9F-A843-C2B82ECCF61C}.Release|x64.Build.0 = Release|Any CPU
		{A2FACBAE-AF96-4A9F-A843-C2B82ECCF61C}.Release|x86.ActiveCfg = Release|Any CPU
		{A2FACBAE-AF96-4A9F-A843-C2B82ECCF61C}.Release|x86.Build.0 = Release|Any CPU
		{A0449C93-A848-4031-BFA6-F1B3214E8426}.Debug|Any CPU.ActiveCfg = Debug|Any CPU
		{A0449C93-A848-4031-BFA6-F1B3214E8426}.Debug|Any CPU.Build.0 = Debug|Any CPU
		{A0449C93-A848-4031-BFA6-F1B3214E8426}.Debug|x64.ActiveCfg = Debug|Any CPU
		{A0449C93-A848-4031-BFA6-F1B3214E8426}.Debug|x64.Build.0 = Debug|Any CPU
		{A0449C93-A848-4031-BFA6-F1B3214E8426}.Debug|x86.ActiveCfg = Debug|Any CPU
		{A0449C93-A848-4031-BFA6-F1B3214E8426}.Debug|x86.Build.0 = Debug|Any CPU
		{A0449C93-A848-4031-BFA6-F1B3214E8426}.Release|Any CPU.ActiveCfg = Release|Any CPU
		{A0449C93-A848-4031-BFA6-F1B3214E8426}.Release|Any CPU.Build.0 = Release|Any CPU
		{A0449C93-A848-4031-BFA6-F1B3214E8426}.Release|x64.ActiveCfg = Release|Any CPU
		{A0449C93-A848-4031-BFA6-F1B3214E8426}.Release|x64.Build.0 = Release|Any CPU
		{A0449C93-A848-4031-BFA6-F1B3214E8426}.Release|x86.ActiveCfg = Release|Any CPU
		{A0449C93-A848-4031-BFA6-F1B3214E8426}.Release|x86.Build.0 = Release|Any CPU
		{F6564F6F-416B-4973-A92B-B2CAA5392180}.Debug|Any CPU.ActiveCfg = Debug|Any CPU
		{F6564F6F-416B-4973-A92B-B2CAA5392180}.Debug|Any CPU.Build.0 = Debug|Any CPU
		{F6564F6F-416B-4973-A92B-B2CAA5392180}.Debug|x64.ActiveCfg = Debug|Any CPU
		{F6564F6F-416B-4973-A92B-B2CAA5392180}.Debug|x64.Build.0 = Debug|Any CPU
		{F6564F6F-416B-4973-A92B-B2CAA5392180}.Debug|x86.ActiveCfg = Debug|Any CPU
		{F6564F6F-416B-4973-A92B-B2CAA5392180}.Debug|x86.Build.0 = Debug|Any CPU
		{F6564F6F-416B-4973-A92B-B2CAA5392180}.Release|Any CPU.ActiveCfg = Release|Any CPU
		{F6564F6F-416B-4973-A92B-B2CAA5392180}.Release|Any CPU.Build.0 = Release|Any CPU
		{F6564F6F-416B-4973-A92B-B2CAA5392180}.Release|x64.ActiveCfg = Release|Any CPU
		{F6564F6F-416B-4973-A92B-B2CAA5392180}.Release|x64.Build.0 = Release|Any CPU
		{F6564F6F-416B-4973-A92B-B2CAA5392180}.Release|x86.ActiveCfg = Release|Any CPU
		{F6564F6F-416B-4973-A92B-B2CAA5392180}.Release|x86.Build.0 = Release|Any CPU
		{0D55F9FF-8A70-42F2-AB9C-600FAF7C95B9}.Debug|Any CPU.ActiveCfg = Debug|Any CPU
		{0D55F9FF-8A70-42F2-AB9C-600FAF7C95B9}.Debug|Any CPU.Build.0 = Debug|Any CPU
		{0D55F9FF-8A70-42F2-AB9C-600FAF7C95B9}.Debug|x64.ActiveCfg = Debug|Any CPU
		{0D55F9FF-8A70-42F2-AB9C-600FAF7C95B9}.Debug|x64.Build.0 = Debug|Any CPU
		{0D55F9FF-8A70-42F2-AB9C-600FAF7C95B9}.Debug|x86.ActiveCfg = Debug|Any CPU
		{0D55F9FF-8A70-42F2-AB9C-600FAF7C95B9}.Debug|x86.Build.0 = Debug|Any CPU
		{0D55F9FF-8A70-42F2-AB9C-600FAF7C95B9}.Release|Any CPU.ActiveCfg = Release|Any CPU
		{0D55F9FF-8A70-42F2-AB9C-600FAF7C95B9}.Release|Any CPU.Build.0 = Release|Any CPU
		{0D55F9FF-8A70-42F2-AB9C-600FAF7C95B9}.Release|x64.ActiveCfg = Release|Any CPU
		{0D55F9FF-8A70-42F2-AB9C-600FAF7C95B9}.Release|x64.Build.0 = Release|Any CPU
		{0D55F9FF-8A70-42F2-AB9C-600FAF7C95B9}.Release|x86.ActiveCfg = Release|Any CPU
		{0D55F9FF-8A70-42F2-AB9C-600FAF7C95B9}.Release|x86.Build.0 = Release|Any CPU
		{CB62B93A-8B69-4AC4-A937-EA4323C0064C}.Debug|Any CPU.ActiveCfg = Debug|Any CPU
		{CB62B93A-8B69-4AC4-A937-EA4323C0064C}.Debug|Any CPU.Build.0 = Debug|Any CPU
		{CB62B93A-8B69-4AC4-A937-EA4323C0064C}.Debug|x64.ActiveCfg = Debug|Any CPU
		{CB62B93A-8B69-4AC4-A937-EA4323C0064C}.Debug|x64.Build.0 = Debug|Any CPU
		{CB62B93A-8B69-4AC4-A937-EA4323C0064C}.Debug|x86.ActiveCfg = Debug|Any CPU
		{CB62B93A-8B69-4AC4-A937-EA4323C0064C}.Debug|x86.Build.0 = Debug|Any CPU
		{CB62B93A-8B69-4AC4-A937-EA4323C0064C}.Release|Any CPU.ActiveCfg = Release|Any CPU
		{CB62B93A-8B69-4AC4-A937-EA4323C0064C}.Release|Any CPU.Build.0 = Release|Any CPU
		{CB62B93A-8B69-4AC4-A937-EA4323C0064C}.Release|x64.ActiveCfg = Release|Any CPU
		{CB62B93A-8B69-4AC4-A937-EA4323C0064C}.Release|x64.Build.0 = Release|Any CPU
		{CB62B93A-8B69-4AC4-A937-EA4323C0064C}.Release|x86.ActiveCfg = Release|Any CPU
		{CB62B93A-8B69-4AC4-A937-EA4323C0064C}.Release|x86.Build.0 = Release|Any CPU
		{D72C67A4-E4AB-F320-AFA5-68C4CB18BFD8}.Debug|Any CPU.ActiveCfg = Debug|Any CPU
		{D72C67A4-E4AB-F320-AFA5-68C4CB18BFD8}.Debug|Any CPU.Build.0 = Debug|Any CPU
		{D72C67A4-E4AB-F320-AFA5-68C4CB18BFD8}.Debug|x64.ActiveCfg = Debug|Any CPU
		{D72C67A4-E4AB-F320-AFA5-68C4CB18BFD8}.Debug|x64.Build.0 = Debug|Any CPU
		{D72C67A4-E4AB-F320-AFA5-68C4CB18BFD8}.Debug|x86.ActiveCfg = Debug|Any CPU
		{D72C67A4-E4AB-F320-AFA5-68C4CB18BFD8}.Debug|x86.Build.0 = Debug|Any CPU
		{D72C67A4-E4AB-F320-AFA5-68C4CB18BFD8}.Release|Any CPU.ActiveCfg = Release|Any CPU
		{D72C67A4-E4AB-F320-AFA5-68C4CB18BFD8}.Release|Any CPU.Build.0 = Release|Any CPU
		{D72C67A4-E4AB-F320-AFA5-68C4CB18BFD8}.Release|x64.ActiveCfg = Release|Any CPU
		{D72C67A4-E4AB-F320-AFA5-68C4CB18BFD8}.Release|x64.Build.0 = Release|Any CPU
		{D72C67A4-E4AB-F320-AFA5-68C4CB18BFD8}.Release|x86.ActiveCfg = Release|Any CPU
		{D72C67A4-E4AB-F320-AFA5-68C4CB18BFD8}.Release|x86.Build.0 = Release|Any CPU
		{7A9C84D6-9407-3652-8AB0-8F5E99CA14FF}.Debug|Any CPU.ActiveCfg = Debug|Any CPU
		{7A9C84D6-9407-3652-8AB0-8F5E99CA14FF}.Debug|Any CPU.Build.0 = Debug|Any CPU
		{7A9C84D6-9407-3652-8AB0-8F5E99CA14FF}.Debug|x64.ActiveCfg = Debug|Any CPU
		{7A9C84D6-9407-3652-8AB0-8F5E99CA14FF}.Debug|x64.Build.0 = Debug|Any CPU
		{7A9C84D6-9407-3652-8AB0-8F5E99CA14FF}.Debug|x86.ActiveCfg = Debug|Any CPU
		{7A9C84D6-9407-3652-8AB0-8F5E99CA14FF}.Debug|x86.Build.0 = Debug|Any CPU
		{7A9C84D6-9407-3652-8AB0-8F5E99CA14FF}.Release|Any CPU.ActiveCfg = Release|Any CPU
		{7A9C84D6-9407-3652-8AB0-8F5E99CA14FF}.Release|Any CPU.Build.0 = Release|Any CPU
		{7A9C84D6-9407-3652-8AB0-8F5E99CA14FF}.Release|x64.ActiveCfg = Release|Any CPU
		{7A9C84D6-9407-3652-8AB0-8F5E99CA14FF}.Release|x64.Build.0 = Release|Any CPU
		{7A9C84D6-9407-3652-8AB0-8F5E99CA14FF}.Release|x86.ActiveCfg = Release|Any CPU
		{7A9C84D6-9407-3652-8AB0-8F5E99CA14FF}.Release|x86.Build.0 = Release|Any CPU
		{5A1E26A1-A121-9E9B-FE0E-4B406F706FBE}.Debug|Any CPU.ActiveCfg = Debug|Any CPU
		{5A1E26A1-A121-9E9B-FE0E-4B406F706FBE}.Debug|Any CPU.Build.0 = Debug|Any CPU
		{5A1E26A1-A121-9E9B-FE0E-4B406F706FBE}.Debug|x64.ActiveCfg = Debug|Any CPU
		{5A1E26A1-A121-9E9B-FE0E-4B406F706FBE}.Debug|x64.Build.0 = Debug|Any CPU
		{5A1E26A1-A121-9E9B-FE0E-4B406F706FBE}.Debug|x86.ActiveCfg = Debug|Any CPU
		{5A1E26A1-A121-9E9B-FE0E-4B406F706FBE}.Debug|x86.Build.0 = Debug|Any CPU
		{5A1E26A1-A121-9E9B-FE0E-4B406F706FBE}.Release|Any CPU.ActiveCfg = Release|Any CPU
		{5A1E26A1-A121-9E9B-FE0E-4B406F706FBE}.Release|Any CPU.Build.0 = Release|Any CPU
		{5A1E26A1-A121-9E9B-FE0E-4B406F706FBE}.Release|x64.ActiveCfg = Release|Any CPU
		{5A1E26A1-A121-9E9B-FE0E-4B406F706FBE}.Release|x64.Build.0 = Release|Any CPU
		{5A1E26A1-A121-9E9B-FE0E-4B406F706FBE}.Release|x86.ActiveCfg = Release|Any CPU
		{5A1E26A1-A121-9E9B-FE0E-4B406F706FBE}.Release|x86.Build.0 = Release|Any CPU
	EndGlobalSection
	GlobalSection(SolutionProperties) = preSolution
		HideSolutionNode = FALSE
	EndGlobalSection
	GlobalSection(NestedProjects) = preSolution
		{95CD9DEB-FF21-48CD-B592-70821649A324} = {827E0CD3-B72D-47B6-A68D-7590B98EB39B}
		{C8E42992-5E42-0C2B-DBFE-AA848D06431C} = {827E0CD3-B72D-47B6-A68D-7590B98EB39B}
		{2AB9391C-4B35-498C-A985-BCCE6293AD1E} = {C8E42992-5E42-0C2B-DBFE-AA848D06431C}
		{A2FACBAE-AF96-4A9F-A843-C2B82ECCF61C} = {C8E42992-5E42-0C2B-DBFE-AA848D06431C}
		{A0449C93-A848-4031-BFA6-F1B3214E8426} = {C8E42992-5E42-0C2B-DBFE-AA848D06431C}
		{EC447DCF-ABFA-6E24-52A5-D7FD48A5C558} = {827E0CD3-B72D-47B6-A68D-7590B98EB39B}
		{18C073E0-6CB1-4693-3636-BFEE619A6192} = {EC447DCF-ABFA-6E24-52A5-D7FD48A5C558}
		{F6564F6F-416B-4973-A92B-B2CAA5392180} = {18C073E0-6CB1-4693-3636-BFEE619A6192}
		{0D55F9FF-8A70-42F2-AB9C-600FAF7C95B9} = {18C073E0-6CB1-4693-3636-BFEE619A6192}
		{CB62B93A-8B69-4AC4-A937-EA4323C0064C} = {18C073E0-6CB1-4693-3636-BFEE619A6192}
		{D72C67A4-E4AB-F320-AFA5-68C4CB18BFD8} = {02EA681E-C7D8-13C7-8484-4AC65E1B71E8}
		{7A9C84D6-9407-3652-8AB0-8F5E99CA14FF} = {02EA681E-C7D8-13C7-8484-4AC65E1B71E8}
		{5A1E26A1-A121-9E9B-FE0E-4B406F706FBE} = {02EA681E-C7D8-13C7-8484-4AC65E1B71E8}
		{02EA681E-C7D8-13C7-8484-4AC65E1B71E8} = {EC447DCF-ABFA-6E24-52A5-D7FD48A5C558}
	EndGlobalSection
EndGlobal
